
Microsoft Visual Studio Solution File, Format Version 12.00
# Visual Studio Version 17
VisualStudioVersion = 17.2.32516.85
MinimumVisualStudioVersion = 10.0.40219.1
Project("{9A19103F-16F7-4668-BE54-9A1E7A4F7556}") = "GrpcPoc.Hybrid", "GrpcPoc.Hybrid\GrpcPoc.Hybrid.csproj", "{1ECB54BF-E82D-4836-BD00-D011E73A0CA9}"
EndProject
Project("{E53339B2-1760-4266-BCC7-CA923CBCF16C}") = "docker-compose", "docker-compose.dcproj", "{8824A3C9-924B-402D-80A5-9B6074F30E6B}"
EndProject
Project("{9A19103F-16F7-4668-BE54-9A1E7A4F7556}") = "GrpcPoc.Client", "GrpcPoc.Client\GrpcPoc.Client.csproj", "{7135A787-C641-4469-8C58-89C238CA6202}"
EndProject
Project("{9A19103F-16F7-4668-BE54-9A1E7A4F7556}") = "GrpcPoc.Grpc", "GrpcPoc.Grpc\GrpcPoc.Grpc.csproj", "{9ED32EF6-4382-45C0-B3B9-3DAABCD61F85}"
EndProject
Project("{9A19103F-16F7-4668-BE54-9A1E7A4F7556}") = "GrpcPoc.Rest", "GrpcPoc.Rest\GrpcPoc.Rest.csproj", "{D5FBE0D6-E807-471B-A58C-D19A8C5652A0}"
EndProject
Global
	GlobalSection(SolutionConfigurationPlatforms) = preSolution
		Debug|Any CPU = Debug|Any CPU
		Release|Any CPU = Release|Any CPU
	EndGlobalSection
	GlobalSection(ProjectConfigurationPlatforms) = postSolution
		{1ECB54BF-E82D-4836-BD00-D011E73A0CA9}.Debug|Any CPU.ActiveCfg = Debug|Any CPU
		{1ECB54BF-E82D-4836-BD00-D011E73A0CA9}.Debug|Any CPU.Build.0 = Debug|Any CPU
		{1ECB54BF-E82D-4836-BD00-D011E73A0CA9}.Release|Any CPU.ActiveCfg = Release|Any CPU
		{1ECB54BF-E82D-4836-BD00-D011E73A0CA9}.Release|Any CPU.Build.0 = Release|Any CPU
		{8824A3C9-924B-402D-80A5-9B6074F30E6B}.Debug|Any CPU.ActiveCfg = Debug|Any CPU
		{8824A3C9-924B-402D-80A5-9B6074F30E6B}.Debug|Any CPU.Build.0 = Debug|Any CPU
		{8824A3C9-924B-402D-80A5-9B6074F30E6B}.Release|Any CPU.ActiveCfg = Release|Any CPU
		{8824A3C9-924B-402D-80A5-9B6074F30E6B}.Release|Any CPU.Build.0 = Release|Any CPU
		{7135A787-C641-4469-8C58-89C238CA6202}.Debug|Any CPU.ActiveCfg = Debug|Any CPU
		{7135A787-C641-4469-8C58-89C238CA6202}.Debug|Any CPU.Build.0 = Debug|Any CPU
		{7135A787-C641-4469-8C58-89C238CA6202}.Release|Any CPU.ActiveCfg = Release|Any CPU
		{7135A787-C641-4469-8C58-89C238CA6202}.Release|Any CPU.Build.0 = Release|Any CPU
		{9ED32EF6-4382-45C0-B3B9-3DAABCD61F85}.Debug|Any CPU.ActiveCfg = Debug|Any CPU
		{9ED32EF6-4382-45C0-B3B9-3DAABCD61F85}.Debug|Any CPU.Build.0 = Debug|Any CPU
		{9ED32EF6-4382-45C0-B3B9-3DAABCD61F85}.Release|Any CPU.ActiveCfg = Release|Any CPU
		{9ED32EF6-4382-45C0-B3B9-3DAABCD61F85}.Release|Any CPU.Build.0 = Release|Any CPU
		{D5FBE0D6-E807-471B-A58C-D19A8C5652A0}.Debug|Any CPU.ActiveCfg = Debug|Any CPU
		{D5FBE0D6-E807-471B-A58C-D19A8C5652A0}.Debug|Any CPU.Build.0 = Debug|Any CPU
		{D5FBE0D6-E807-471B-A58C-D19A8C5652A0}.Release|Any CPU.ActiveCfg = Release|Any CPU
		{D5FBE0D6-E807-471B-A58C-D19A8C5652A0}.Release|Any CPU.Build.0 = Release|Any CPU
	EndGlobalSection
	GlobalSection(SolutionProperties) = preSolution
		HideSolutionNode = FALSE
	EndGlobalSection
	GlobalSection(ExtensibilityGlobals) = postSolution
		SolutionGuid = {45CD2FCE-0D1B-4B77-B86B-FE682FF1D85A}
	EndGlobalSection
EndGlobal
